// !$*UTF8*$!
{
	archiveVersion = 1;
	classes = {
	};
	objectVersion = 55;
	objects = {

/* Begin PBXBuildFile section */
		36F3F4FD299E84C7003964F0 /* AppDelegate.swift in Sources */ = {isa = PBXBuildFile; fileRef = 36F3F4FC299E84C7003964F0 /* AppDelegate.swift */; };
		36F3F4FF299E84C7003964F0 /* SceneDelegate.swift in Sources */ = {isa = PBXBuildFile; fileRef = 36F3F4FE299E84C7003964F0 /* SceneDelegate.swift */; };
		36F3F509299E84C8003964F0 /* Assets.xcassets in Resources */ = {isa = PBXBuildFile; fileRef = 36F3F508299E84C8003964F0 /* Assets.xcassets */; };
		36F3F50C299E84C8003964F0 /* LaunchScreen.storyboard in Resources */ = {isa = PBXBuildFile; fileRef = 36F3F50A299E84C8003964F0 /* LaunchScreen.storyboard */; };
		36F3F514299E86DF003964F0 /* Note+CoreDataClass.swift in Sources */ = {isa = PBXBuildFile; fileRef = 36F3F513299E86DF003964F0 /* Note+CoreDataClass.swift */; };
		36F3F517299E8A08003964F0 /* MyNotes.xcdatamodeld in Sources */ = {isa = PBXBuildFile; fileRef = 36F3F515299E8A08003964F0 /* MyNotes.xcdatamodeld */; };
		36F3F51A299E8AAA003964F0 /* MainViewController.swift in Sources */ = {isa = PBXBuildFile; fileRef = 36F3F519299E8AAA003964F0 /* MainViewController.swift */; };
		36F3F51C299E8AD5003964F0 /* NoteVIewController.swift in Sources */ = {isa = PBXBuildFile; fileRef = 36F3F51B299E8AD5003964F0 /* NoteVIewController.swift */; };
		36F3F51F299E8B06003964F0 /* TableViewManager.swift in Sources */ = {isa = PBXBuildFile; fileRef = 36F3F51E299E8B06003964F0 /* TableViewManager.swift */; };
		36F3F523299E8B2F003964F0 /* NoteCell.swift in Sources */ = {isa = PBXBuildFile; fileRef = 36F3F522299E8B2F003964F0 /* NoteCell.swift */; };
		36F3F525299E8B4C003964F0 /* CoreDataManager.swift in Sources */ = {isa = PBXBuildFile; fileRef = 36F3F524299E8B4C003964F0 /* CoreDataManager.swift */; };
		36F3F528299E8B6F003964F0 /* AddButton.swift in Sources */ = {isa = PBXBuildFile; fileRef = 36F3F527299E8B6F003964F0 /* AddButton.swift */; };
		36F3F52A299E8B8F003964F0 /* CustomTextField + VIew.swift in Sources */ = {isa = PBXBuildFile; fileRef = 36F3F529299E8B8F003964F0 /* CustomTextField + VIew.swift */; };
/* End PBXBuildFile section */

/* Begin PBXFileReference section */
		369D96B729C0C19F00C99D3E /* MyNotes.xcdatamodel */ = {isa = PBXFileReference; lastKnownFileType = wrapper.xcdatamodel; path = MyNotes.xcdatamodel; sourceTree = "<group>"; };
		36F3F4F9299E84C7003964F0 /* App.app */ = {isa = PBXFileReference; explicitFileType = wrapper.application; includeInIndex = 0; path = App.app; sourceTree = BUILT_PRODUCTS_DIR; };
		36F3F4FC299E84C7003964F0 /* AppDelegate.swift */ = {isa = PBXFileReference; lastKnownFileType = sourcecode.swift; path = AppDelegate.swift; sourceTree = "<group>"; };
		36F3F4FE299E84C7003964F0 /* SceneDelegate.swift */ = {isa = PBXFileReference; lastKnownFileType = sourcecode.swift; path = SceneDelegate.swift; sourceTree = "<group>"; };
		36F3F508299E84C8003964F0 /* Assets.xcassets */ = {isa = PBXFileReference; lastKnownFileType = folder.assetcatalog; path = Assets.xcassets; sourceTree = "<group>"; };
		36F3F50B299E84C8003964F0 /* Base */ = {isa = PBXFileReference; lastKnownFileType = file.storyboard; name = Base; path = Base.lproj/LaunchScreen.storyboard; sourceTree = "<group>"; };
		36F3F50D299E84C8003964F0 /* Info.plist */ = {isa = PBXFileReference; lastKnownFileType = text.plist.xml; path = Info.plist; sourceTree = "<group>"; };
		36F3F513299E86DF003964F0 /* Note+CoreDataClass.swift */ = {isa = PBXFileReference; lastKnownFileType = sourcecode.swift; path = "Note+CoreDataClass.swift"; sourceTree = "<group>"; };
		36F3F516299E8A08003964F0 /* MyNotes.xcdatamodel */ = {isa = PBXFileReference; lastKnownFileType = wrapper.xcdatamodel; path = MyNotes.xcdatamodel; sourceTree = "<group>"; };
		36F3F519299E8AAA003964F0 /* MainViewController.swift */ = {isa = PBXFileReference; lastKnownFileType = sourcecode.swift; path = MainViewController.swift; sourceTree = "<group>"; };
		36F3F51B299E8AD5003964F0 /* NoteVIewController.swift */ = {isa = PBXFileReference; lastKnownFileType = sourcecode.swift; path = NoteVIewController.swift; sourceTree = "<group>"; };
		36F3F51E299E8B06003964F0 /* TableViewManager.swift */ = {isa = PBXFileReference; lastKnownFileType = sourcecode.swift; path = TableViewManager.swift; sourceTree = "<group>"; };
		36F3F522299E8B2F003964F0 /* NoteCell.swift */ = {isa = PBXFileReference; lastKnownFileType = sourcecode.swift; path = NoteCell.swift; sourceTree = "<group>"; };
		36F3F524299E8B4C003964F0 /* CoreDataManager.swift */ = {isa = PBXFileReference; lastKnownFileType = sourcecode.swift; path = CoreDataManager.swift; sourceTree = "<group>"; };
		36F3F527299E8B6F003964F0 /* AddButton.swift */ = {isa = PBXFileReference; lastKnownFileType = sourcecode.swift; path = AddButton.swift; sourceTree = "<group>"; };
		36F3F529299E8B8F003964F0 /* CustomTextField + VIew.swift */ = {isa = PBXFileReference; lastKnownFileType = sourcecode.swift; path = "CustomTextField + VIew.swift"; sourceTree = "<group>"; };
/* End PBXFileReference section */

/* Begin PBXFrameworksBuildPhase section */
		36F3F4F6299E84C7003964F0 /* Frameworks */ = {
			isa = PBXFrameworksBuildPhase;
			buildActionMask = 2147483647;
			files = (
			);
			runOnlyForDeploymentPostprocessing = 0;
		};
/* End PBXFrameworksBuildPhase section */

/* Begin PBXGroup section */
		369D96B429C0C16400C99D3E /* Application */ = {
			isa = PBXGroup;
			children = (
				36F3F4FC299E84C7003964F0 /* AppDelegate.swift */,
				36F3F4FE299E84C7003964F0 /* SceneDelegate.swift */,
			);
			path = Application;
			sourceTree = "<group>";
		};
		369D96B529C0C17D00C99D3E /* SupportingFiles */ = {
			isa = PBXGroup;
			children = (
				36F3F508299E84C8003964F0 /* Assets.xcassets */,
				36F3F50A299E84C8003964F0 /* LaunchScreen.storyboard */,
				36F3F50D299E84C8003964F0 /* Info.plist */,
				369D96B629C0C19E00C99D3E /* MyNotes.xcdatamodeld */,
			);
			path = SupportingFiles;
			sourceTree = "<group>";
		};
		36F3F4F0299E84C7003964F0 = {
			isa = PBXGroup;
			children = (
				36F3F4FB299E84C7003964F0 /* App */,
				36F3F4FA299E84C7003964F0 /* Products */,
			);
			sourceTree = "<group>";
		};
		36F3F4FA299E84C7003964F0 /* Products */ = {
			isa = PBXGroup;
			children = (
				36F3F4F9299E84C7003964F0 /* App.app */,
			);
			name = Products;
			sourceTree = "<group>";
		};
		36F3F4FB299E84C7003964F0 /* App */ = {
			isa = PBXGroup;
			children = (
				36F3F526299E8B63003964F0 /* View */,
				36F3F518299E8A81003964F0 /* Controllers */,
				36F3F51D299E8AED003964F0 /* Model */,
				369D96B429C0C16400C99D3E /* Application */,
				369D96B529C0C17D00C99D3E /* SupportingFiles */,
				36F3F515299E8A08003964F0 /* MyNotes.xcdatamodeld */,
			);
			path = App;
			sourceTree = "<group>";
		};
		36F3F518299E8A81003964F0 /* Controllers */ = {
			isa = PBXGroup;
			children = (
				36F3F519299E8AAA003964F0 /* MainViewController.swift */,
				36F3F51B299E8AD5003964F0 /* NoteVIewController.swift */,
			);
			path = Controllers;
			sourceTree = "<group>";
		};
		36F3F51D299E8AED003964F0 /* Model */ = {
			isa = PBXGroup;
			children = (
				36F3F513299E86DF003964F0 /* Note+CoreDataClass.swift */,
				36F3F51E299E8B06003964F0 /* TableViewManager.swift */,
				36F3F524299E8B4C003964F0 /* CoreDataManager.swift */,
			);
			path = Model;
			sourceTree = "<group>";
		};
		36F3F526299E8B63003964F0 /* View */ = {
			isa = PBXGroup;
			children = (
				36F3F527299E8B6F003964F0 /* AddButton.swift */,
				36F3F529299E8B8F003964F0 /* CustomTextField + VIew.swift */,
				36F3F522299E8B2F003964F0 /* NoteCell.swift */,
			);
			path = View;
			sourceTree = "<group>";
		};
/* End PBXGroup section */

/* Begin PBXNativeTarget section */
		36F3F4F8299E84C7003964F0 /* App */ = {
			isa = PBXNativeTarget;
			buildConfigurationList = 36F3F510299E84C8003964F0 /* Build configuration list for PBXNativeTarget "App" */;
			buildPhases = (
				36F3F4F5299E84C7003964F0 /* Sources */,
				36F3F4F6299E84C7003964F0 /* Frameworks */,
				36F3F4F7299E84C7003964F0 /* Resources */,
			);
			buildRules = (
			);
			dependencies = (
			);
			name = App;
			productName = App;
			productReference = 36F3F4F9299E84C7003964F0 /* App.app */;
			productType = "com.apple.product-type.application";
		};
/* End PBXNativeTarget section */

/* Begin PBXProject section */
		36F3F4F1299E84C7003964F0 /* Project object */ = {
			isa = PBXProject;
			attributes = {
				BuildIndependentTargetsInParallel = 1;
				LastSwiftUpdateCheck = 1340;
				LastUpgradeCheck = 1340;
				TargetAttributes = {
					36F3F4F8299E84C7003964F0 = {
						CreatedOnToolsVersion = 13.4.1;
					};
				};
			};
			buildConfigurationList = 36F3F4F4299E84C7003964F0 /* Build configuration list for PBXProject "App" */;
			compatibilityVersion = "Xcode 13.0";
			developmentRegion = en;
			hasScannedForEncodings = 0;
			knownRegions = (
				en,
				Base,
			);
			mainGroup = 36F3F4F0299E84C7003964F0;
			productRefGroup = 36F3F4FA299E84C7003964F0 /* Products */;
			projectDirPath = "";
			projectRoot = "";
			targets = (
				36F3F4F8299E84C7003964F0 /* App */,
			);
		};
/* End PBXProject section */

/* Begin PBXResourcesBuildPhase section */
		36F3F4F7299E84C7003964F0 /* Resources */ = {
			isa = PBXResourcesBuildPhase;
			buildActionMask = 2147483647;
			files = (
				36F3F50C299E84C8003964F0 /* LaunchScreen.storyboard in Resources */,
				36F3F509299E84C8003964F0 /* Assets.xcassets in Resources */,
			);
			runOnlyForDeploymentPostprocessing = 0;
		};
/* End PBXResourcesBuildPhase section */

/* Begin PBXSourcesBuildPhase section */
		36F3F4F5299E84C7003964F0 /* Sources */ = {
			isa = PBXSourcesBuildPhase;
			buildActionMask = 2147483647;
			files = (
				36F3F51C299E8AD5003964F0 /* NoteVIewController.swift in Sources */,
				36F3F52A299E8B8F003964F0 /* CustomTextField + VIew.swift in Sources */,
				36F3F514299E86DF003964F0 /* Note+CoreDataClass.swift in Sources */,
				36F3F517299E8A08003964F0 /* MyNotes.xcdatamodeld in Sources */,
				36F3F51A299E8AAA003964F0 /* MainViewController.swift in Sources */,
				36F3F4FD299E84C7003964F0 /* AppDelegate.swift in Sources */,
				36F3F528299E8B6F003964F0 /* AddButton.swift in Sources */,
				36F3F523299E8B2F003964F0 /* NoteCell.swift in Sources */,
				36F3F4FF299E84C7003964F0 /* SceneDelegate.swift in Sources */,
				36F3F525299E8B4C003964F0 /* CoreDataManager.swift in Sources */,
				36F3F51F299E8B06003964F0 /* TableViewManager.swift in Sources */,
			);
			runOnlyForDeploymentPostprocessing = 0;
		};
/* End PBXSourcesBuildPhase section */

/* Begin PBXVariantGroup section */
		36F3F50A299E84C8003964F0 /* LaunchScreen.storyboard */ = {
			isa = PBXVariantGroup;
			children = (
				36F3F50B299E84C8003964F0 /* Base */,
			);
			name = LaunchScreen.storyboard;
			sourceTree = "<group>";
		};
/* End PBXVariantGroup section */

/* Begin XCBuildConfiguration section */
		36F3F50E299E84C8003964F0 /* Debug */ = {
			isa = XCBuildConfiguration;
			buildSettings = {
				ALWAYS_SEARCH_USER_PATHS = NO;
				CLANG_ANALYZER_NONNULL = YES;
				CLANG_ANALYZER_NUMBER_OBJECT_CONVERSION = YES_AGGRESSIVE;
				CLANG_CXX_LANGUAGE_STANDARD = "gnu++17";
				CLANG_ENABLE_MODULES = YES;
				CLANG_ENABLE_OBJC_ARC = YES;
				CLANG_ENABLE_OBJC_WEAK = YES;
				CLANG_WARN_BLOCK_CAPTURE_AUTORELEASING = YES;
				CLANG_WARN_BOOL_CONVERSION = YES;
				CLANG_WARN_COMMA = YES;
				CLANG_WARN_CONSTANT_CONVERSION = YES;
				CLANG_WARN_DEPRECATED_OBJC_IMPLEMENTATIONS = YES;
				CLANG_WARN_DIRECT_OBJC_ISA_USAGE = YES_ERROR;
				CLANG_WARN_DOCUMENTATION_COMMENTS = YES;
				CLANG_WARN_EMPTY_BODY = YES;
				CLANG_WARN_ENUM_CONVERSION = YES;
				CLANG_WARN_INFINITE_RECURSION = YES;
				CLANG_WARN_INT_CONVERSION = YES;
				CLANG_WARN_NON_LITERAL_NULL_CONVERSION = YES;
				CLANG_WARN_OBJC_IMPLICIT_RETAIN_SELF = YES;
				CLANG_WARN_OBJC_LITERAL_CONVERSION = YES;
				CLANG_WARN_OBJC_ROOT_CLASS = YES_ERROR;
				CLANG_WARN_QUOTED_INCLUDE_IN_FRAMEWORK_HEADER = YES;
				CLANG_WARN_RANGE_LOOP_ANALYSIS = YES;
				CLANG_WARN_STRICT_PROTOTYPES = YES;
				CLANG_WARN_SUSPICIOUS_MOVE = YES;
				CLANG_WARN_UNGUARDED_AVAILABILITY = YES_AGGRESSIVE;
				CLANG_WARN_UNREACHABLE_CODE = YES;
				CLANG_WARN__DUPLICATE_METHOD_MATCH = YES;
				COPY_PHASE_STRIP = NO;
				DEBUG_INFORMATION_FORMAT = dwarf;
				ENABLE_STRICT_OBJC_MSGSEND = YES;
				ENABLE_TESTABILITY = YES;
				GCC_C_LANGUAGE_STANDARD = gnu11;
				GCC_DYNAMIC_NO_PIC = NO;
				GCC_NO_COMMON_BLOCKS = YES;
				GCC_OPTIMIZATION_LEVEL = 0;
				GCC_PREPROCESSOR_DEFINITIONS = (
					"DEBUG=1",
					"$(inherited)",
				);
				GCC_WARN_64_TO_32_BIT_CONVERSION = YES;
				GCC_WARN_ABOUT_RETURN_TYPE = YES_ERROR;
				GCC_WARN_UNDECLARED_SELECTOR = YES;
				GCC_WARN_UNINITIALIZED_AUTOS = YES_AGGRESSIVE;
				GCC_WARN_UNUSED_FUNCTION = YES;
				GCC_WARN_UNUSED_VARIABLE = YES;
				IPHONEOS_DEPLOYMENT_TARGET = 15.5;
				MTL_ENABLE_DEBUG_INFO = INCLUDE_SOURCE;
				MTL_FAST_MATH = YES;
				ONLY_ACTIVE_ARCH = YES;
				SDKROOT = iphoneos;
				SWIFT_ACTIVE_COMPILATION_CONDITIONS = DEBUG;
				SWIFT_OPTIMIZATION_LEVEL = "-Onone";
			};
			name = Debug;
		};
		36F3F50F299E84C8003964F0 /* Release */ = {
			isa = XCBuildConfiguration;
			buildSettings = {
				ALWAYS_SEARCH_USER_PATHS = NO;
				CLANG_ANALYZER_NONNULL = YES;
				CLANG_ANALYZER_NUMBER_OBJECT_CONVERSION = YES_AGGRESSIVE;
				CLANG_CXX_LANGUAGE_STANDARD = "gnu++17";
				CLANG_ENABLE_MODULES = YES;
				CLANG_ENABLE_OBJC_ARC = YES;
				CLANG_ENABLE_OBJC_WEAK = YES;
				CLANG_WARN_BLOCK_CAPTURE_AUTORELEASING = YES;
				CLANG_WARN_BOOL_CONVERSION = YES;
				CLANG_WARN_COMMA = YES;
				CLANG_WARN_CONSTANT_CONVERSION = YES;
				CLANG_WARN_DEPRECATED_OBJC_IMPLEMENTATIONS = YES;
				CLANG_WARN_DIRECT_OBJC_ISA_USAGE = YES_ERROR;
				CLANG_WARN_DOCUMENTATION_COMMENTS = YES;
				CLANG_WARN_EMPTY_BODY = YES;
				CLANG_WARN_ENUM_CONVERSION = YES;
				CLANG_WARN_INFINITE_RECURSION = YES;
				CLANG_WARN_INT_CONVERSION = YES;
				CLANG_WARN_NON_LITERAL_NULL_CONVERSION = YES;
				CLANG_WARN_OBJC_IMPLICIT_RETAIN_SELF = YES;
				CLANG_WARN_OBJC_LITERAL_CONVERSION = YES;
				CLANG_WARN_OBJC_ROOT_CLASS = YES_ERROR;
				CLANG_WARN_QUOTED_INCLUDE_IN_FRAMEWORK_HEADER = YES;
				CLANG_WARN_RANGE_LOOP_ANALYSIS = YES;
				CLANG_WARN_STRICT_PROTOTYPES = YES;
				CLANG_WARN_SUSPICIOUS_MOVE = YES;
				CLANG_WARN_UNGUARDED_AVAILABILITY = YES_AGGRESSIVE;
				CLANG_WARN_UNREACHABLE_CODE = YES;
				CLANG_WARN__DUPLICATE_METHOD_MATCH = YES;
				COPY_PHASE_STRIP = NO;
				DEBUG_INFORMATION_FORMAT = "dwarf-with-dsym";
				ENABLE_NS_ASSERTIONS = NO;
				ENABLE_STRICT_OBJC_MSGSEND = YES;
				GCC_C_LANGUAGE_STANDARD = gnu11;
				GCC_NO_COMMON_BLOCKS = YES;
				GCC_WARN_64_TO_32_BIT_CONVERSION = YES;
				GCC_WARN_ABOUT_RETURN_TYPE = YES_ERROR;
				GCC_WARN_UNDECLARED_SELECTOR = YES;
				GCC_WARN_UNINITIALIZED_AUTOS = YES_AGGRESSIVE;
				GCC_WARN_UNUSED_FUNCTION = YES;
				GCC_WARN_UNUSED_VARIABLE = YES;
				IPHONEOS_DEPLOYMENT_TARGET = 15.5;
				MTL_ENABLE_DEBUG_INFO = NO;
				MTL_FAST_MATH = YES;
				SDKROOT = iphoneos;
				SWIFT_COMPILATION_MODE = wholemodule;
				SWIFT_OPTIMIZATION_LEVEL = "-O";
				VALIDATE_PRODUCT = YES;
			};
			name = Release;
		};
		36F3F511299E84C8003964F0 /* Debug */ = {
			isa = XCBuildConfiguration;
			buildSettings = {
				ASSETCATALOG_COMPILER_APPICON_NAME = AppIcon;
				ASSETCATALOG_COMPILER_GLOBAL_ACCENT_COLOR_NAME = AccentColor;
				CODE_SIGN_STYLE = Automatic;
				CURRENT_PROJECT_VERSION = 1;
				GENERATE_INFOPLIST_FILE = YES;
				INFOPLIST_FILE = App/SupportingFiles/Info.plist;
				INFOPLIST_KEY_UIApplicationSupportsIndirectInputEvents = YES;
				INFOPLIST_KEY_UILaunchStoryboardName = LaunchScreen;
				INFOPLIST_KEY_UISupportedInterfaceOrientations_iPad = "UIInterfaceOrientationPortrait UIInterfaceOrientationPortraitUpsideDown UIInterfaceOrientationLandscapeLeft UIInterfaceOrientationLandscapeRight";
				INFOPLIST_KEY_UISupportedInterfaceOrientations_iPhone = "UIInterfaceOrientationPortrait UIInterfaceOrientationLandscapeLeft UIInterfaceOrientationLandscapeRight";
				LD_RUNPATH_SEARCH_PATHS = (
					"$(inherited)",
					"@executable_path/Frameworks",
				);
				MARKETING_VERSION = 1.0;
				PRODUCT_BUNDLE_IDENTIFIER = bb.App;
				PRODUCT_NAME = "$(TARGET_NAME)";
				SWIFT_EMIT_LOC_STRINGS = YES;
				SWIFT_VERSION = 5.0;
				TARGETED_DEVICE_FAMILY = 1;
			};
			name = Debug;
		};
		36F3F512299E84C8003964F0 /* Release */ = {
			isa = XCBuildConfiguration;
			buildSettings = {
				ASSETCATALOG_COMPILER_APPICON_NAME = AppIcon;
				ASSETCATALOG_COMPILER_GLOBAL_ACCENT_COLOR_NAME = AccentColor;
				CODE_SIGN_STYLE = Automatic;
				CURRENT_PROJECT_VERSION = 1;
				GENERATE_INFOPLIST_FILE = YES;
				INFOPLIST_FILE = App/SupportingFiles/Info.plist;
				INFOPLIST_KEY_UIApplicationSupportsIndirectInputEvents = YES;
				INFOPLIST_KEY_UILaunchStoryboardName = LaunchScreen;
				INFOPLIST_KEY_UISupportedInterfaceOrientations_iPad = "UIInterfaceOrientationPortrait UIInterfaceOrientationPortraitUpsideDown UIInterfaceOrientationLandscapeLeft UIInterfaceOrientationLandscapeRight";
				INFOPLIST_KEY_UISupportedInterfaceOrientations_iPhone = "UIInterfaceOrientationPortrait UIInterfaceOrientationLandscapeLeft UIInterfaceOrientationLandscapeRight";
				LD_RUNPATH_SEARCH_PATHS = (
					"$(inherited)",
					"@executable_path/Frameworks",
				);
				MARKETING_VERSION = 1.0;
				PRODUCT_BUNDLE_IDENTIFIER = bb.App;
				PRODUCT_NAME = "$(TARGET_NAME)";
				SWIFT_EMIT_LOC_STRINGS = YES;
				SWIFT_VERSION = 5.0;
				TARGETED_DEVICE_FAMILY = 1;
			};
			name = Release;
		};
/* End XCBuildConfiguration section */

/* Begin XCConfigurationList section */
		36F3F4F4299E84C7003964F0 /* Build configuration list for PBXProject "App" */ = {
			isa = XCConfigurationList;
			buildConfigurations = (
				36F3F50E299E84C8003964F0 /* Debug */,
				36F3F50F299E84C8003964F0 /* Release */,
			);
			defaultConfigurationIsVisible = 0;
			defaultConfigurationName = Release;
		};
		36F3F510299E84C8003964F0 /* Build configuration list for PBXNativeTarget "App" */ = {
			isa = XCConfigurationList;
			buildConfigurations = (
				36F3F511299E84C8003964F0 /* Debug */,
				36F3F512299E84C8003964F0 /* Release */,
			);
			defaultConfigurationIsVisible = 0;
			defaultConfigurationName = Release;
		};
/* End XCConfigurationList section */

/* Begin XCVersionGroup section */
		369D96B629C0C19E00C99D3E /* MyNotes.xcdatamodeld */ = {
			isa = XCVersionGroup;
			children = (
				369D96B729C0C19F00C99D3E /* MyNotes.xcdatamodel */,
			);
			currentVersion = 369D96B729C0C19F00C99D3E /* MyNotes.xcdatamodel */;
			path = MyNotes.xcdatamodeld;
			sourceTree = "<group>";
			versionGroupType = wrapper.xcdatamodel;
		};
		36F3F515299E8A08003964F0 /* MyNotes.xcdatamodeld */ = {
			isa = XCVersionGroup;
			children = (
				36F3F516299E8A08003964F0 /* MyNotes.xcdatamodel */,
			);
			currentVersion = 36F3F516299E8A08003964F0 /* MyNotes.xcdatamodel */;
			name = MyNotes.xcdatamodeld;
			path = ../../../Desktop/MyNotes.xcdatamodeld;
			sourceTree = "<group>";
			versionGroupType = wrapper.xcdatamodel;
		};
/* End XCVersionGroup section */
	};
	rootObject = 36F3F4F1299E84C7003964F0 /* Project object */;
}
